
Microsoft Visual Studio Solution File, Format Version 12.00
# Visual Studio 15
Project("{FAE04EC0-301F-11D3-BF4B-00C04F79EFBC}") = "Assembly-CSharp", "Assembly-CSharp.csproj", "{CAEFC7B5-86CD-D2D6-9F16-BC720FC59EE1}"
EndProject
Project("{FAE04EC0-301F-11D3-BF4B-00C04F79EFBC}") = "Assembly-CSharp-Editor", "Assembly-CSharp-Editor.csproj", "{045B770F-5AB5-7F0F-495D-C2CF0870699F}"
EndProject
Global
	GlobalSection(SolutionConfigurationPlatforms) = preSolution
		Debug|Any CPU = Debug|Any CPU
		Release|Any CPU = Release|Any CPU
	EndGlobalSection
	GlobalSection(ProjectConfigurationPlatforms) = postSolution
		{CAEFC7B5-86CD-D2D6-9F16-BC720FC59EE1}.Debug|Any CPU.ActiveCfg = Debug|Any CPU
		{CAEFC7B5-86CD-D2D6-9F16-BC720FC59EE1}.Debug|Any CPU.Build.0 = Debug|Any CPU
		{CAEFC7B5-86CD-D2D6-9F16-BC720FC59EE1}.Release|Any CPU.ActiveCfg = Release|Any CPU
		{CAEFC7B5-86CD-D2D6-9F16-BC720FC59EE1}.Release|Any CPU.Build.0 = Release|Any CPU
		{045B770F-5AB5-7F0F-495D-C2CF0870699F}.Debug|Any CPU.ActiveCfg = Debug|Any CPU
		{045B770F-5AB5-7F0F-495D-C2CF0870699F}.Debug|Any CPU.Build.0 = Debug|Any CPU
		{045B770F-5AB5-7F0F-495D-C2CF0870699F}.Release|Any CPU.ActiveCfg = Release|Any CPU
		{045B770F-5AB5-7F0F-495D-C2CF0870699F}.Release|Any CPU.Build.0 = Release|Any CPU
	EndGlobalSection
	GlobalSection(SolutionProperties) = preSolution
		HideSolutionNode = FALSE
	EndGlobalSection
EndGlobal
